
Microsoft Visual Studio Solution File, Format Version 12.00
# Visual Studio 15
VisualStudioVersion = 15.0.28307.489
MinimumVisualStudioVersion = 10.0.40219.1
Project("{FAE04EC0-301F-11D3-BF4B-00C04F79EFBC}") = "Client", "Client\Client.csproj", "{D6EC85A3-9305-4A42-A3D6-52396989AB60}"
EndProject
Project("{FAE04EC0-301F-11D3-BF4B-00C04F79EFBC}") = "Server", "Server\Server.csproj", "{570F3277-07B3-44A9-B95C-9123DBC5550C}"
EndProject
Global
	GlobalSection(SolutionConfigurationPlatforms) = preSolution
		Debug|Any CPU = Debug|Any CPU
		Release|Any CPU = Release|Any CPU
	EndGlobalSection
	GlobalSection(ProjectConfigurationPlatforms) = postSolution
		{D6EC85A3-9305-4A42-A3D6-52396989AB60}.Debug|Any CPU.ActiveCfg = Debug|Any CPU
		{D6EC85A3-9305-4A42-A3D6-52396989AB60}.Debug|Any CPU.Build.0 = Debug|Any CPU
		{D6EC85A3-9305-4A42-A3D6-52396989AB60}.Release|Any CPU.ActiveCfg = Release|Any CPU
		{D6EC85A3-9305-4A42-A3D6-52396989AB60}.Release|Any CPU.Build.0 = Release|Any CPU
		{570F3277-07B3-44A9-B95C-9123DBC5550C}.Debug|Any CPU.ActiveCfg = Debug|Any CPU
		{570F3277-07B3-44A9-B95C-9123DBC5550C}.Debug|Any CPU.Build.0 = Debug|Any CPU
		{570F3277-07B3-44A9-B95C-9123DBC5550C}.Release|Any CPU.ActiveCfg = Release|Any CPU
		{570F3277-07B3-44A9-B95C-9123DBC5550C}.Release|Any CPU.Build.0 = Release|Any CPU
	EndGlobalSection
	GlobalSection(SolutionProperties) = preSolution
		HideSolutionNode = FALSE
	EndGlobalSection
	GlobalSection(ExtensibilityGlobals) = postSolution
		SolutionGuid = {9B760F1F-BA27-41FD-A96A-6AB1D36086CF}
	EndGlobalSection
EndGlobal
